
Microsoft Visual Studio Solution File, Format Version 12.00
Project("{2150E333-8FDC-42A3-9474-1A3956D46DE8}") = "Core", "Core", "{5EA06665-E083-40E7-8BB4-9E863F32CCEE}"
EndProject
Project("{2150E333-8FDC-42A3-9474-1A3956D46DE8}") = "Infrastructure", "Infrastructure", "{DCA477ED-4C16-471B-AB78-9FF6766C06AE}"
EndProject
Project("{2150E333-8FDC-42A3-9474-1A3956D46DE8}") = "Presentation", "Presentation", "{A504CB3B-AA1E-47E5-9BC0-E5294881F972}"
EndProject
Project("{FAE04EC0-301F-11D3-BF4B-00C04F79EFBC}") = "Application", "Application\Application.csproj", "{01D91C42-75F6-4048-ADEE-06C0C7A31A39}"
EndProject
Project("{FAE04EC0-301F-11D3-BF4B-00C04F79EFBC}") = "Domain", "Domain\Domain.csproj", "{EF2D7138-6CFF-4F76-9409-B523C1011010}"
EndProject
Project("{FAE04EC0-301F-11D3-BF4B-00C04F79EFBC}") = "Persistence", "Persistence\Persistence.csproj", "{470CED63-92BA-437F-AF28-5F4273FE8F31}"
EndProject
Project("{FAE04EC0-301F-11D3-BF4B-00C04F79EFBC}") = "Web", "Web\Web.csproj", "{1360511D-4E18-47DD-8A75-12FBAB486B0C}"
EndProject
Global
	GlobalSection(SolutionConfigurationPlatforms) = preSolution
		Debug|Any CPU = Debug|Any CPU
		Release|Any CPU = Release|Any CPU
	EndGlobalSection
	GlobalSection(NestedProjects) = preSolution
		{01D91C42-75F6-4048-ADEE-06C0C7A31A39} = {5EA06665-E083-40E7-8BB4-9E863F32CCEE}
		{EF2D7138-6CFF-4F76-9409-B523C1011010} = {5EA06665-E083-40E7-8BB4-9E863F32CCEE}
		{470CED63-92BA-437F-AF28-5F4273FE8F31} = {DCA477ED-4C16-471B-AB78-9FF6766C06AE}
		{1360511D-4E18-47DD-8A75-12FBAB486B0C} = {A504CB3B-AA1E-47E5-9BC0-E5294881F972}
	EndGlobalSection
	GlobalSection(ProjectConfigurationPlatforms) = postSolution
		{01D91C42-75F6-4048-ADEE-06C0C7A31A39}.Debug|Any CPU.ActiveCfg = Debug|Any CPU
		{01D91C42-75F6-4048-ADEE-06C0C7A31A39}.Debug|Any CPU.Build.0 = Debug|Any CPU
		{01D91C42-75F6-4048-ADEE-06C0C7A31A39}.Release|Any CPU.ActiveCfg = Release|Any CPU
		{01D91C42-75F6-4048-ADEE-06C0C7A31A39}.Release|Any CPU.Build.0 = Release|Any CPU
		{EF2D7138-6CFF-4F76-9409-B523C1011010}.Debug|Any CPU.ActiveCfg = Debug|Any CPU
		{EF2D7138-6CFF-4F76-9409-B523C1011010}.Debug|Any CPU.Build.0 = Debug|Any CPU
		{EF2D7138-6CFF-4F76-9409-B523C1011010}.Release|Any CPU.ActiveCfg = Release|Any CPU
		{EF2D7138-6CFF-4F76-9409-B523C1011010}.Release|Any CPU.Build.0 = Release|Any CPU
		{470CED63-92BA-437F-AF28-5F4273FE8F31}.Debug|Any CPU.ActiveCfg = Debug|Any CPU
		{470CED63-92BA-437F-AF28-5F4273FE8F31}.Debug|Any CPU.Build.0 = Debug|Any CPU
		{470CED63-92BA-437F-AF28-5F4273FE8F31}.Release|Any CPU.ActiveCfg = Release|Any CPU
		{470CED63-92BA-437F-AF28-5F4273FE8F31}.Release|Any CPU.Build.0 = Release|Any CPU
		{1360511D-4E18-47DD-8A75-12FBAB486B0C}.Debug|Any CPU.ActiveCfg = Debug|Any CPU
		{1360511D-4E18-47DD-8A75-12FBAB486B0C}.Debug|Any CPU.Build.0 = Debug|Any CPU
		{1360511D-4E18-47DD-8A75-12FBAB486B0C}.Release|Any CPU.ActiveCfg = Release|Any CPU
		{1360511D-4E18-47DD-8A75-12FBAB486B0C}.Release|Any CPU.Build.0 = Release|Any CPU
	EndGlobalSection
EndGlobal
